
Microsoft Visual Studio Solution File, Format Version 12.00
# Visual Studio Version 17
VisualStudioVersion = 17.3.32825.248
MinimumVisualStudioVersion = 10.0.40219.1
Project("{9A19103F-16F7-4668-BE54-9A1E7A4F7556}") = "NesTiler", "NesTiler\NesTiler.csproj", "{DC2EA2A9-F7BB-450B-8DD6-F9EBB64E0C9A}"
EndProject
Project("{9A19103F-16F7-4668-BE54-9A1E7A4F7556}") = "TestImages", "TestImages\TestImages.csproj", "{516333E3-42CF-4981-8F8D-3B0405028DC8}"
EndProject
Project("{9A19103F-16F7-4668-BE54-9A1E7A4F7556}") = "Benchmarks", "Benchmarks\Benchmarks.csproj", "{F699B355-7010-4425-9AD3-D9355690B199}"
EndProject
Project("{9A19103F-16F7-4668-BE54-9A1E7A4F7556}") = "Tests", "Tests\Tests.csproj", "{C3872938-28AA-4B75-BA9D-0A1A80154D57}"
EndProject
Global
	GlobalSection(SolutionConfigurationPlatforms) = preSolution
		Debug|Any CPU = Debug|Any CPU
		Release|Any CPU = Release|Any CPU
	EndGlobalSection
	GlobalSection(ProjectConfigurationPlatforms) = postSolution
		{DC2EA2A9-F7BB-450B-8DD6-F9EBB64E0C9A}.Debug|Any CPU.ActiveCfg = Debug|Any CPU
		{DC2EA2A9-F7BB-450B-8DD6-F9EBB64E0C9A}.Debug|Any CPU.Build.0 = Debug|Any CPU
		{DC2EA2A9-F7BB-450B-8DD6-F9EBB64E0C9A}.Release|Any CPU.ActiveCfg = Release|Any CPU
		{DC2EA2A9-F7BB-450B-8DD6-F9EBB64E0C9A}.Release|Any CPU.Build.0 = Release|Any CPU
		{516333E3-42CF-4981-8F8D-3B0405028DC8}.Debug|Any CPU.ActiveCfg = Debug|Any CPU
		{516333E3-42CF-4981-8F8D-3B0405028DC8}.Debug|Any CPU.Build.0 = Debug|Any CPU
		{516333E3-42CF-4981-8F8D-3B0405028DC8}.Release|Any CPU.ActiveCfg = Release|Any CPU
		{516333E3-42CF-4981-8F8D-3B0405028DC8}.Release|Any CPU.Build.0 = Release|Any CPU
		{F699B355-7010-4425-9AD3-D9355690B199}.Debug|Any CPU.ActiveCfg = Debug|Any CPU
		{F699B355-7010-4425-9AD3-D9355690B199}.Debug|Any CPU.Build.0 = Debug|Any CPU
		{F699B355-7010-4425-9AD3-D9355690B199}.Release|Any CPU.ActiveCfg = Release|Any CPU
		{F699B355-7010-4425-9AD3-D9355690B199}.Release|Any CPU.Build.0 = Release|Any CPU
		{C3872938-28AA-4B75-BA9D-0A1A80154D57}.Debug|Any CPU.ActiveCfg = Debug|Any CPU
		{C3872938-28AA-4B75-BA9D-0A1A80154D57}.Debug|Any CPU.Build.0 = Debug|Any CPU
		{C3872938-28AA-4B75-BA9D-0A1A80154D57}.Release|Any CPU.ActiveCfg = Release|Any CPU
		{C3872938-28AA-4B75-BA9D-0A1A80154D57}.Release|Any CPU.Build.0 = Release|Any CPU
	EndGlobalSection
	GlobalSection(SolutionProperties) = preSolution
		HideSolutionNode = FALSE
	EndGlobalSection
	GlobalSection(ExtensibilityGlobals) = postSolution
		SolutionGuid = {CE4F1A64-529A-44EF-830F-810E532C7CB8}
	EndGlobalSection
EndGlobal
